
Microsoft Visual Studio Solution File, Format Version 12.00
# Visual Studio Version 16
VisualStudioVersion = 16.0.30503.244
MinimumVisualStudioVersion = 10.0.40219.1
Project("{FAE04EC0-301F-11D3-BF4B-00C04F79EFBC}") = "EGpediaON", "EGpediaON.csproj", "{D24448D3-FDBC-4DA4-84A5-E58A1269C865}"
EndProject
Global
	GlobalSection(SolutionConfigurationPlatforms) = preSolution
		Debug|Any CPU = Debug|Any CPU
		Release|Any CPU = Release|Any CPU
	EndGlobalSection
	GlobalSection(ProjectConfigurationPlatforms) = postSolution
		{D24448D3-FDBC-4DA4-84A5-E58A1269C865}.Debug|Any CPU.ActiveCfg = Debug|Any CPU
		{D24448D3-FDBC-4DA4-84A5-E58A1269C865}.Debug|Any CPU.Build.0 = Debug|Any CPU
		{D24448D3-FDBC-4DA4-84A5-E58A1269C865}.Release|Any CPU.ActiveCfg = Release|Any CPU
		{D24448D3-FDBC-4DA4-84A5-E58A1269C865}.Release|Any CPU.Build.0 = Release|Any CPU
	EndGlobalSection
	GlobalSection(SolutionProperties) = preSolution
		HideSolutionNode = FALSE
	EndGlobalSection
	GlobalSection(ExtensibilityGlobals) = postSolution
		SolutionGuid = {1ED08D87-277F-4C8D-A76A-5E88C4C08A5B}
	EndGlobalSection
EndGlobal
